
Microsoft Visual Studio Solution File, Format Version 12.00
# Visual Studio 14
VisualStudioVersion = 14.0.24720.0
MinimumVisualStudioVersion = 10.0.40219.1
Project("{FAE04EC0-301F-11D3-BF4B-00C04F79EFBC}") = "CreditcardChecker", "CreditcardChecker\CreditcardChecker.csproj", "{BCD9145F-B402-43A0-B224-01B50CDA2CDA}"
EndProject
Project("{FAE04EC0-301F-11D3-BF4B-00C04F79EFBC}") = "CreditcardCheckerTests", "CreditcardCheckerTests\CreditcardCheckerTests.csproj", "{46DFFAC0-F323-4B3C-8D21-707016E04EC3}"
EndProject
Global
	GlobalSection(SolutionConfigurationPlatforms) = preSolution
		Debug|Any CPU = Debug|Any CPU
		Release|Any CPU = Release|Any CPU
	EndGlobalSection
	GlobalSection(ProjectConfigurationPlatforms) = postSolution
		{BCD9145F-B402-43A0-B224-01B50CDA2CDA}.Debug|Any CPU.ActiveCfg = Debug|Any CPU
		{BCD9145F-B402-43A0-B224-01B50CDA2CDA}.Debug|Any CPU.Build.0 = Debug|Any CPU
		{BCD9145F-B402-43A0-B224-01B50CDA2CDA}.Release|Any CPU.ActiveCfg = Release|Any CPU
		{BCD9145F-B402-43A0-B224-01B50CDA2CDA}.Release|Any CPU.Build.0 = Release|Any CPU
		{46DFFAC0-F323-4B3C-8D21-707016E04EC3}.Debug|Any CPU.ActiveCfg = Debug|Any CPU
		{46DFFAC0-F323-4B3C-8D21-707016E04EC3}.Debug|Any CPU.Build.0 = Debug|Any CPU
		{46DFFAC0-F323-4B3C-8D21-707016E04EC3}.Release|Any CPU.ActiveCfg = Release|Any CPU
		{46DFFAC0-F323-4B3C-8D21-707016E04EC3}.Release|Any CPU.Build.0 = Release|Any CPU
	EndGlobalSection
	GlobalSection(SolutionProperties) = preSolution
		HideSolutionNode = FALSE
	EndGlobalSection
EndGlobal
