
Microsoft Visual Studio Solution File, Format Version 12.00
# Visual Studio Version 17
VisualStudioVersion = 17.1.32414.318
MinimumVisualStudioVersion = 10.0.40219.1
Project("{9A19103F-16F7-4668-BE54-9A1E7A4F7556}") = "UnitTests", "UnitTests\UnitTests.csproj", "{39042080-1F87-4B84-92BB-7894A730C26D}"
EndProject
Project("{9A19103F-16F7-4668-BE54-9A1E7A4F7556}") = "Gomoku", "Gomoku\Gomoku.csproj", "{9E37BC47-6F28-4E2E-AF9C-9F73E577B31B}"
EndProject
Global
	GlobalSection(SolutionConfigurationPlatforms) = preSolution
		Debug|Any CPU = Debug|Any CPU
		Release|Any CPU = Release|Any CPU
	EndGlobalSection
	GlobalSection(ProjectConfigurationPlatforms) = postSolution
		{39042080-1F87-4B84-92BB-7894A730C26D}.Debug|Any CPU.ActiveCfg = Debug|Any CPU
		{39042080-1F87-4B84-92BB-7894A730C26D}.Debug|Any CPU.Build.0 = Debug|Any CPU
		{39042080-1F87-4B84-92BB-7894A730C26D}.Release|Any CPU.ActiveCfg = Release|Any CPU
		{39042080-1F87-4B84-92BB-7894A730C26D}.Release|Any CPU.Build.0 = Release|Any CPU
		{9E37BC47-6F28-4E2E-AF9C-9F73E577B31B}.Debug|Any CPU.ActiveCfg = Debug|Any CPU
		{9E37BC47-6F28-4E2E-AF9C-9F73E577B31B}.Debug|Any CPU.Build.0 = Debug|Any CPU
		{9E37BC47-6F28-4E2E-AF9C-9F73E577B31B}.Release|Any CPU.ActiveCfg = Release|Any CPU
		{9E37BC47-6F28-4E2E-AF9C-9F73E577B31B}.Release|Any CPU.Build.0 = Release|Any CPU
	EndGlobalSection
	GlobalSection(SolutionProperties) = preSolution
		HideSolutionNode = FALSE
	EndGlobalSection
	GlobalSection(ExtensibilityGlobals) = postSolution
		SolutionGuid = {0A26AE0E-9644-4B56-ADF6-F030B266F28D}
	EndGlobalSection
EndGlobal
