
Microsoft Visual Studio Solution File, Format Version 12.00
# Visual Studio 14
VisualStudioVersion = 14.0.24720.0
MinimumVisualStudioVersion = 10.0.40219.1
Project("{FAE04EC0-301F-11D3-BF4B-00C04F79EFBC}") = "TicTacToe", "TicTacToe\TicTacToe.csproj", "{05D497B1-C8BE-4180-B2D8-C844852E9187}"
EndProject
Project("{FAE04EC0-301F-11D3-BF4B-00C04F79EFBC}") = "TicTacToeTests", "TicTacToeTests\TicTacToeTests.csproj", "{6B745805-EE46-42A7-8BF2-CDD15B743A7F}"
EndProject
Global
	GlobalSection(SolutionConfigurationPlatforms) = preSolution
		Debug|Any CPU = Debug|Any CPU
		Release|Any CPU = Release|Any CPU
	EndGlobalSection
	GlobalSection(ProjectConfigurationPlatforms) = postSolution
		{05D497B1-C8BE-4180-B2D8-C844852E9187}.Debug|Any CPU.ActiveCfg = Debug|Any CPU
		{05D497B1-C8BE-4180-B2D8-C844852E9187}.Debug|Any CPU.Build.0 = Debug|Any CPU
		{05D497B1-C8BE-4180-B2D8-C844852E9187}.Release|Any CPU.ActiveCfg = Release|Any CPU
		{05D497B1-C8BE-4180-B2D8-C844852E9187}.Release|Any CPU.Build.0 = Release|Any CPU
		{6B745805-EE46-42A7-8BF2-CDD15B743A7F}.Debug|Any CPU.ActiveCfg = Debug|Any CPU
		{6B745805-EE46-42A7-8BF2-CDD15B743A7F}.Debug|Any CPU.Build.0 = Debug|Any CPU
		{6B745805-EE46-42A7-8BF2-CDD15B743A7F}.Release|Any CPU.ActiveCfg = Release|Any CPU
		{6B745805-EE46-42A7-8BF2-CDD15B743A7F}.Release|Any CPU.Build.0 = Release|Any CPU
	EndGlobalSection
	GlobalSection(SolutionProperties) = preSolution
		HideSolutionNode = FALSE
	EndGlobalSection
EndGlobal
