
Microsoft Visual Studio Solution File, Format Version 12.00
# Visual Studio Version 16
VisualStudioVersion = 16.0.31702.278
MinimumVisualStudioVersion = 10.0.40219.1
Project("{FAE04EC0-301F-11D3-BF4B-00C04F79EFBC}") = "SchuleTestApp", "SchuleTestApp.csproj", "{AB6E9CBF-05E5-45F5-9CB8-CC52902C252E}"
EndProject
Global
	GlobalSection(SolutionConfigurationPlatforms) = preSolution
		Debug|Any CPU = Debug|Any CPU
		Release|Any CPU = Release|Any CPU
	EndGlobalSection
	GlobalSection(ProjectConfigurationPlatforms) = postSolution
		{AB6E9CBF-05E5-45F5-9CB8-CC52902C252E}.Debug|Any CPU.ActiveCfg = Debug|Any CPU
		{AB6E9CBF-05E5-45F5-9CB8-CC52902C252E}.Debug|Any CPU.Build.0 = Debug|Any CPU
		{AB6E9CBF-05E5-45F5-9CB8-CC52902C252E}.Release|Any CPU.ActiveCfg = Release|Any CPU
		{AB6E9CBF-05E5-45F5-9CB8-CC52902C252E}.Release|Any CPU.Build.0 = Release|Any CPU
	EndGlobalSection
	GlobalSection(SolutionProperties) = preSolution
		HideSolutionNode = FALSE
	EndGlobalSection
	GlobalSection(ExtensibilityGlobals) = postSolution
		SolutionGuid = {BB531856-470E-4285-9FC4-45611B985F58}
	EndGlobalSection
EndGlobal
