
Microsoft Visual Studio Solution File, Format Version 12.00
# Visual Studio Version 17
VisualStudioVersion = 17.1.32210.238
MinimumVisualStudioVersion = 10.0.40219.1
Project("{9A19103F-16F7-4668-BE54-9A1E7A4F7556}") = "UnitTest", "UnitTest\UnitTest.csproj", "{949BB5F5-8AB8-4ADE-BBB2-A6F71669CD95}"
EndProject
Project("{9A19103F-16F7-4668-BE54-9A1E7A4F7556}") = "Sudoku", "Sudoku\Sudoku.csproj", "{5324C4C5-0B06-426A-849A-68F49F983EF9}"
EndProject
Global
	GlobalSection(SolutionConfigurationPlatforms) = preSolution
		Debug|Any CPU = Debug|Any CPU
		Release|Any CPU = Release|Any CPU
	EndGlobalSection
	GlobalSection(ProjectConfigurationPlatforms) = postSolution
		{949BB5F5-8AB8-4ADE-BBB2-A6F71669CD95}.Debug|Any CPU.ActiveCfg = Debug|Any CPU
		{949BB5F5-8AB8-4ADE-BBB2-A6F71669CD95}.Debug|Any CPU.Build.0 = Debug|Any CPU
		{949BB5F5-8AB8-4ADE-BBB2-A6F71669CD95}.Release|Any CPU.ActiveCfg = Release|Any CPU
		{949BB5F5-8AB8-4ADE-BBB2-A6F71669CD95}.Release|Any CPU.Build.0 = Release|Any CPU
		{5324C4C5-0B06-426A-849A-68F49F983EF9}.Debug|Any CPU.ActiveCfg = Debug|Any CPU
		{5324C4C5-0B06-426A-849A-68F49F983EF9}.Debug|Any CPU.Build.0 = Debug|Any CPU
		{5324C4C5-0B06-426A-849A-68F49F983EF9}.Release|Any CPU.ActiveCfg = Release|Any CPU
		{5324C4C5-0B06-426A-849A-68F49F983EF9}.Release|Any CPU.Build.0 = Release|Any CPU
	EndGlobalSection
	GlobalSection(SolutionProperties) = preSolution
		HideSolutionNode = FALSE
	EndGlobalSection
	GlobalSection(ExtensibilityGlobals) = postSolution
		SolutionGuid = {3C00B68F-E617-4425-B878-CAD4D05FDCA8}
	EndGlobalSection
EndGlobal
