
Microsoft Visual Studio Solution File, Format Version 12.00
# Visual Studio Version 16
VisualStudioVersion = 16.0.31129.286
MinimumVisualStudioVersion = 10.0.40219.1
Project("{FAE04EC0-301F-11D3-BF4B-00C04F79EFBC}") = "MineSweeper", "MineSweeper\MineSweeper.csproj", "{D2248206-5835-4BB1-B7A2-27E54BE12C4E}"
EndProject
Project("{FAE04EC0-301F-11D3-BF4B-00C04F79EFBC}") = "MineSweeperTests", "MineSweeperTests\MineSweeperTests.csproj", "{84BFBE91-2B43-495C-A181-22731AD9C2E4}"
EndProject
Project("{FAE04EC0-301F-11D3-BF4B-00C04F79EFBC}") = "RunLengthEncodingTests", "RunLengthEncodingTests\RunLengthEncodingTests.csproj", "{E1A44284-9468-4EC9-8C8B-D95E90064044}"
EndProject
Global
	GlobalSection(SolutionConfigurationPlatforms) = preSolution
		Debug|Any CPU = Debug|Any CPU
		Release|Any CPU = Release|Any CPU
	EndGlobalSection
	GlobalSection(ProjectConfigurationPlatforms) = postSolution
		{D2248206-5835-4BB1-B7A2-27E54BE12C4E}.Debug|Any CPU.ActiveCfg = Debug|Any CPU
		{D2248206-5835-4BB1-B7A2-27E54BE12C4E}.Debug|Any CPU.Build.0 = Debug|Any CPU
		{D2248206-5835-4BB1-B7A2-27E54BE12C4E}.Release|Any CPU.ActiveCfg = Release|Any CPU
		{D2248206-5835-4BB1-B7A2-27E54BE12C4E}.Release|Any CPU.Build.0 = Release|Any CPU
		{84BFBE91-2B43-495C-A181-22731AD9C2E4}.Debug|Any CPU.ActiveCfg = Debug|Any CPU
		{84BFBE91-2B43-495C-A181-22731AD9C2E4}.Debug|Any CPU.Build.0 = Debug|Any CPU
		{84BFBE91-2B43-495C-A181-22731AD9C2E4}.Release|Any CPU.ActiveCfg = Release|Any CPU
		{84BFBE91-2B43-495C-A181-22731AD9C2E4}.Release|Any CPU.Build.0 = Release|Any CPU
		{E1A44284-9468-4EC9-8C8B-D95E90064044}.Debug|Any CPU.ActiveCfg = Debug|Any CPU
		{E1A44284-9468-4EC9-8C8B-D95E90064044}.Debug|Any CPU.Build.0 = Debug|Any CPU
		{E1A44284-9468-4EC9-8C8B-D95E90064044}.Release|Any CPU.ActiveCfg = Release|Any CPU
		{E1A44284-9468-4EC9-8C8B-D95E90064044}.Release|Any CPU.Build.0 = Release|Any CPU
	EndGlobalSection
	GlobalSection(SolutionProperties) = preSolution
		HideSolutionNode = FALSE
	EndGlobalSection
	GlobalSection(ExtensibilityGlobals) = postSolution
		SolutionGuid = {25227D18-180E-4E72-B8A6-2B9B17628E07}
	EndGlobalSection
EndGlobal
