
Microsoft Visual Studio Solution File, Format Version 12.00
# Visual Studio Version 17
VisualStudioVersion = 17.0.31903.59
MinimumVisualStudioVersion = 10.0.40219.1
Project("{9A19103F-16F7-4668-BE54-9A1E7A4F7556}") = "EnterValue", "EnterValue\EnterValue.csproj", "{D319FB4B-D4CF-4FE7-BD29-92F3C10092E0}"
EndProject
Project("{9A19103F-16F7-4668-BE54-9A1E7A4F7556}") = "EnterValueDoWhile", "EnterValueDoWhile\EnterValueDoWhile.csproj", "{7525F12A-F852-4C6C-BB42-88BBF6A0092E}"
EndProject
Project("{9A19103F-16F7-4668-BE54-9A1E7A4F7556}") = "EnterValueWithExit", "EnterValueWithExit\EnterValueWithExit.csproj", "{98841DF7-B7C8-46B9-A7DC-E6096D3A6E65}"
EndProject
Project("{9A19103F-16F7-4668-BE54-9A1E7A4F7556}") = "EnterValueWithExitBreak", "EnterValueWithExitBreak\EnterValueWithExitBreak.csproj", "{16EEB8F2-74BD-49B0-85DA-97E82FDC74DE}"
EndProject
Project("{9A19103F-16F7-4668-BE54-9A1E7A4F7556}") = "SumEven", "SumEven\SumEven.csproj", "{6F443AEE-E825-4ED4-8250-4F0037DF3967}"
EndProject
Project("{9A19103F-16F7-4668-BE54-9A1E7A4F7556}") = "SumAndOut", "SumAndOut\SumAndOut.csproj", "{06F4751C-097B-4BCA-AD8E-8F2093E34FA2}"
EndProject
Project("{9A19103F-16F7-4668-BE54-9A1E7A4F7556}") = "Ziffernsumme", "Ziffernsumme\Ziffernsumme.csproj", "{CE0EFE48-65E4-4892-8A4B-631B54631173}"
EndProject
Project("{2150E333-8FDC-42A3-9474-1A3956D46DE8}") = "1 Ziffernsumme Basic", "1 Ziffernsumme Basic", "{5A35DB6A-AE7F-49B7-80E0-EE86CF10840E}"
EndProject
Project("{2150E333-8FDC-42A3-9474-1A3956D46DE8}") = "2 EnterValue", "2 EnterValue", "{6F08CBC0-0C34-4DB8-BB23-1024C386B4AD}"
EndProject
Project("{2150E333-8FDC-42A3-9474-1A3956D46DE8}") = "3 Calculate", "3 Calculate", "{87D19770-AAB0-4F55-9ECE-FC2E242846B9}"
EndProject
Project("{2150E333-8FDC-42A3-9474-1A3956D46DE8}") = "4 for", "4 for", "{34816960-C96E-4912-9722-54D9B12F7528}"
EndProject
Project("{9A19103F-16F7-4668-BE54-9A1E7A4F7556}") = "ForDemo", "ForDemo\ForDemo.csproj", "{93D6AE82-DC08-43B3-BE57-F0C5B9323547}"
EndProject
Project("{9A19103F-16F7-4668-BE54-9A1E7A4F7556}") = "ForBasic", "ForBasic\ForBasic.csproj", "{5B522528-2EB5-46EA-85FE-234C13F7652F}"
EndProject
Project("{2150E333-8FDC-42A3-9474-1A3956D46DE8}") = "0 GotoDemo", "0 GotoDemo", "{0332B470-8841-41B1-97B4-793D361ECBF3}"
EndProject
Project("{9A19103F-16F7-4668-BE54-9A1E7A4F7556}") = "GotoDemo", "GotoDemo\GotoDemo.csproj", "{BD36AF5E-A9A2-484D-B1BD-1154213121F6}"
EndProject
Project("{2150E333-8FDC-42A3-9474-1A3956D46DE8}") = "5 break", "5 break", "{D1E8EC79-7EFD-4F0E-84D3-96546E5B0C7C}"
EndProject
Project("{9A19103F-16F7-4668-BE54-9A1E7A4F7556}") = "BreakDemo", "BreakDemo\BreakDemo.csproj", "{E31FE19E-F192-4D3A-8EE6-A065E756F678}"
EndProject
Project("{9A19103F-16F7-4668-BE54-9A1E7A4F7556}") = "BreakDemo2", "BreakDemo2\BreakDemo2.csproj", "{AB200F91-0F04-4744-9898-499C4309284F}"
EndProject
Project("{2150E333-8FDC-42A3-9474-1A3956D46DE8}") = "6 stringLoop", "6 stringLoop", "{46319D42-0204-4A2A-A86C-0AD4C1265829}"
EndProject
Project("{9A19103F-16F7-4668-BE54-9A1E7A4F7556}") = "StringLoop", "StringLoop\StringLoop.csproj", "{20DF846E-EEA5-40BC-92FA-B4D503677097}"
EndProject
Global
	GlobalSection(SolutionConfigurationPlatforms) = preSolution
		Debug|Any CPU = Debug|Any CPU
		Release|Any CPU = Release|Any CPU
	EndGlobalSection
	GlobalSection(ProjectConfigurationPlatforms) = postSolution
		{D319FB4B-D4CF-4FE7-BD29-92F3C10092E0}.Debug|Any CPU.ActiveCfg = Debug|Any CPU
		{D319FB4B-D4CF-4FE7-BD29-92F3C10092E0}.Debug|Any CPU.Build.0 = Debug|Any CPU
		{D319FB4B-D4CF-4FE7-BD29-92F3C10092E0}.Release|Any CPU.ActiveCfg = Release|Any CPU
		{D319FB4B-D4CF-4FE7-BD29-92F3C10092E0}.Release|Any CPU.Build.0 = Release|Any CPU
		{7525F12A-F852-4C6C-BB42-88BBF6A0092E}.Debug|Any CPU.ActiveCfg = Debug|Any CPU
		{7525F12A-F852-4C6C-BB42-88BBF6A0092E}.Debug|Any CPU.Build.0 = Debug|Any CPU
		{7525F12A-F852-4C6C-BB42-88BBF6A0092E}.Release|Any CPU.ActiveCfg = Release|Any CPU
		{7525F12A-F852-4C6C-BB42-88BBF6A0092E}.Release|Any CPU.Build.0 = Release|Any CPU
		{98841DF7-B7C8-46B9-A7DC-E6096D3A6E65}.Debug|Any CPU.ActiveCfg = Debug|Any CPU
		{98841DF7-B7C8-46B9-A7DC-E6096D3A6E65}.Debug|Any CPU.Build.0 = Debug|Any CPU
		{98841DF7-B7C8-46B9-A7DC-E6096D3A6E65}.Release|Any CPU.ActiveCfg = Release|Any CPU
		{98841DF7-B7C8-46B9-A7DC-E6096D3A6E65}.Release|Any CPU.Build.0 = Release|Any CPU
		{16EEB8F2-74BD-49B0-85DA-97E82FDC74DE}.Debug|Any CPU.ActiveCfg = Debug|Any CPU
		{16EEB8F2-74BD-49B0-85DA-97E82FDC74DE}.Debug|Any CPU.Build.0 = Debug|Any CPU
		{16EEB8F2-74BD-49B0-85DA-97E82FDC74DE}.Release|Any CPU.ActiveCfg = Release|Any CPU
		{16EEB8F2-74BD-49B0-85DA-97E82FDC74DE}.Release|Any CPU.Build.0 = Release|Any CPU
		{6F443AEE-E825-4ED4-8250-4F0037DF3967}.Debug|Any CPU.ActiveCfg = Debug|Any CPU
		{6F443AEE-E825-4ED4-8250-4F0037DF3967}.Debug|Any CPU.Build.0 = Debug|Any CPU
		{6F443AEE-E825-4ED4-8250-4F0037DF3967}.Release|Any CPU.ActiveCfg = Release|Any CPU
		{6F443AEE-E825-4ED4-8250-4F0037DF3967}.Release|Any CPU.Build.0 = Release|Any CPU
		{06F4751C-097B-4BCA-AD8E-8F2093E34FA2}.Debug|Any CPU.ActiveCfg = Debug|Any CPU
		{06F4751C-097B-4BCA-AD8E-8F2093E34FA2}.Debug|Any CPU.Build.0 = Debug|Any CPU
		{06F4751C-097B-4BCA-AD8E-8F2093E34FA2}.Release|Any CPU.ActiveCfg = Release|Any CPU
		{06F4751C-097B-4BCA-AD8E-8F2093E34FA2}.Release|Any CPU.Build.0 = Release|Any CPU
		{CE0EFE48-65E4-4892-8A4B-631B54631173}.Debug|Any CPU.ActiveCfg = Debug|Any CPU
		{CE0EFE48-65E4-4892-8A4B-631B54631173}.Debug|Any CPU.Build.0 = Debug|Any CPU
		{CE0EFE48-65E4-4892-8A4B-631B54631173}.Release|Any CPU.ActiveCfg = Release|Any CPU
		{CE0EFE48-65E4-4892-8A4B-631B54631173}.Release|Any CPU.Build.0 = Release|Any CPU
		{93D6AE82-DC08-43B3-BE57-F0C5B9323547}.Debug|Any CPU.ActiveCfg = Debug|Any CPU
		{93D6AE82-DC08-43B3-BE57-F0C5B9323547}.Debug|Any CPU.Build.0 = Debug|Any CPU
		{93D6AE82-DC08-43B3-BE57-F0C5B9323547}.Release|Any CPU.ActiveCfg = Release|Any CPU
		{93D6AE82-DC08-43B3-BE57-F0C5B9323547}.Release|Any CPU.Build.0 = Release|Any CPU
		{5B522528-2EB5-46EA-85FE-234C13F7652F}.Debug|Any CPU.ActiveCfg = Debug|Any CPU
		{5B522528-2EB5-46EA-85FE-234C13F7652F}.Debug|Any CPU.Build.0 = Debug|Any CPU
		{5B522528-2EB5-46EA-85FE-234C13F7652F}.Release|Any CPU.ActiveCfg = Release|Any CPU
		{5B522528-2EB5-46EA-85FE-234C13F7652F}.Release|Any CPU.Build.0 = Release|Any CPU
		{BD36AF5E-A9A2-484D-B1BD-1154213121F6}.Debug|Any CPU.ActiveCfg = Debug|Any CPU
		{BD36AF5E-A9A2-484D-B1BD-1154213121F6}.Debug|Any CPU.Build.0 = Debug|Any CPU
		{BD36AF5E-A9A2-484D-B1BD-1154213121F6}.Release|Any CPU.ActiveCfg = Release|Any CPU
		{BD36AF5E-A9A2-484D-B1BD-1154213121F6}.Release|Any CPU.Build.0 = Release|Any CPU
		{E31FE19E-F192-4D3A-8EE6-A065E756F678}.Debug|Any CPU.ActiveCfg = Debug|Any CPU
		{E31FE19E-F192-4D3A-8EE6-A065E756F678}.Debug|Any CPU.Build.0 = Debug|Any CPU
		{E31FE19E-F192-4D3A-8EE6-A065E756F678}.Release|Any CPU.ActiveCfg = Release|Any CPU
		{E31FE19E-F192-4D3A-8EE6-A065E756F678}.Release|Any CPU.Build.0 = Release|Any CPU
		{AB200F91-0F04-4744-9898-499C4309284F}.Debug|Any CPU.ActiveCfg = Debug|Any CPU
		{AB200F91-0F04-4744-9898-499C4309284F}.Debug|Any CPU.Build.0 = Debug|Any CPU
		{AB200F91-0F04-4744-9898-499C4309284F}.Release|Any CPU.ActiveCfg = Release|Any CPU
		{AB200F91-0F04-4744-9898-499C4309284F}.Release|Any CPU.Build.0 = Release|Any CPU
		{20DF846E-EEA5-40BC-92FA-B4D503677097}.Debug|Any CPU.ActiveCfg = Debug|Any CPU
		{20DF846E-EEA5-40BC-92FA-B4D503677097}.Debug|Any CPU.Build.0 = Debug|Any CPU
		{20DF846E-EEA5-40BC-92FA-B4D503677097}.Release|Any CPU.ActiveCfg = Release|Any CPU
		{20DF846E-EEA5-40BC-92FA-B4D503677097}.Release|Any CPU.Build.0 = Release|Any CPU
	EndGlobalSection
	GlobalSection(SolutionProperties) = preSolution
		HideSolutionNode = FALSE
	EndGlobalSection
	GlobalSection(NestedProjects) = preSolution
		{D319FB4B-D4CF-4FE7-BD29-92F3C10092E0} = {6F08CBC0-0C34-4DB8-BB23-1024C386B4AD}
		{7525F12A-F852-4C6C-BB42-88BBF6A0092E} = {6F08CBC0-0C34-4DB8-BB23-1024C386B4AD}
		{98841DF7-B7C8-46B9-A7DC-E6096D3A6E65} = {6F08CBC0-0C34-4DB8-BB23-1024C386B4AD}
		{16EEB8F2-74BD-49B0-85DA-97E82FDC74DE} = {6F08CBC0-0C34-4DB8-BB23-1024C386B4AD}
		{6F443AEE-E825-4ED4-8250-4F0037DF3967} = {87D19770-AAB0-4F55-9ECE-FC2E242846B9}
		{06F4751C-097B-4BCA-AD8E-8F2093E34FA2} = {87D19770-AAB0-4F55-9ECE-FC2E242846B9}
		{CE0EFE48-65E4-4892-8A4B-631B54631173} = {5A35DB6A-AE7F-49B7-80E0-EE86CF10840E}
		{93D6AE82-DC08-43B3-BE57-F0C5B9323547} = {34816960-C96E-4912-9722-54D9B12F7528}
		{5B522528-2EB5-46EA-85FE-234C13F7652F} = {34816960-C96E-4912-9722-54D9B12F7528}
		{BD36AF5E-A9A2-484D-B1BD-1154213121F6} = {0332B470-8841-41B1-97B4-793D361ECBF3}
		{E31FE19E-F192-4D3A-8EE6-A065E756F678} = {D1E8EC79-7EFD-4F0E-84D3-96546E5B0C7C}
		{AB200F91-0F04-4744-9898-499C4309284F} = {D1E8EC79-7EFD-4F0E-84D3-96546E5B0C7C}
		{20DF846E-EEA5-40BC-92FA-B4D503677097} = {46319D42-0204-4A2A-A86C-0AD4C1265829}
	EndGlobalSection
	GlobalSection(ExtensibilityGlobals) = postSolution
		SolutionGuid = {FBFDDB9E-7AD3-4846-BE3B-1A7467F3019F}
	EndGlobalSection
EndGlobal
