Microsoft Visual Studio Solution File, Format Version 12.00
# Visual Studio 14
VisualStudioVersion = 14.0.24720.0
MinimumVisualStudioVersion = 10.0.40219.1
Project("{FAE04EC0-301F-11D3-BF4B-00C04F79EFBC}") = "BattleShip", "BattleShip\BattleShip.csproj", "{7BC3611F-BA0F-4023-A41B-92CDFF46987D}"
EndProject
Project("{FAE04EC0-301F-11D3-BF4B-00C04F79EFBC}") = "BattleShipTests", "BattleShipTests\BattleShipTests.csproj", "{F3B03CD9-93D8-4B5C-9AFC-508FC0D74053}"
EndProject
Global
	GlobalSection(SolutionConfigurationPlatforms) = preSolution
		Debug|Any CPU = Debug|Any CPU
		Release|Any CPU = Release|Any CPU
	EndGlobalSection
	GlobalSection(ProjectConfigurationPlatforms) = postSolution
		{7BC3611F-BA0F-4023-A41B-92CDFF46987D}.Debug|Any CPU.ActiveCfg = Debug|Any CPU
		{7BC3611F-BA0F-4023-A41B-92CDFF46987D}.Debug|Any CPU.Build.0 = Debug|Any CPU
		{7BC3611F-BA0F-4023-A41B-92CDFF46987D}.Release|Any CPU.ActiveCfg = Release|Any CPU
		{7BC3611F-BA0F-4023-A41B-92CDFF46987D}.Release|Any CPU.Build.0 = Release|Any CPU
		{F3B03CD9-93D8-4B5C-9AFC-508FC0D74053}.Debug|Any CPU.ActiveCfg = Debug|Any CPU
		{F3B03CD9-93D8-4B5C-9AFC-508FC0D74053}.Debug|Any CPU.Build.0 = Debug|Any CPU
		{F3B03CD9-93D8-4B5C-9AFC-508FC0D74053}.Release|Any CPU.ActiveCfg = Release|Any CPU
		{F3B03CD9-93D8-4B5C-9AFC-508FC0D74053}.Release|Any CPU.Build.0 = Release|Any CPU
	EndGlobalSection
	GlobalSection(SolutionProperties) = preSolution
		HideSolutionNode = FALSE
	EndGlobalSection
	GlobalSection(TestCaseManagementSettings) = postSolution
		CategoryFile = SchiffeVersenken.vsmdi
	EndGlobalSection
EndGlobal
