
Microsoft Visual Studio Solution File, Format Version 12.00
# Visual Studio 2013
Project("{FAE04EC0-301F-11D3-BF4B-00C04F79EFBC}") = "PrimeNumbers", "PrimeNumbers\PrimeNumbers.csproj", "{43C0DFB5-C001-481C-932D-09C017667525}"
EndProject
Project("{F088123C-0E9E-452A-89E6-6BA2F21D5CAC}") = "PrimeNumbers.ACD", "PrimeNumbers.ACD\PrimeNumbers.ACD.modelproj", "{5814A42B-93D4-47F2-BFC8-AE35CBC8CCC7}"
EndProject
Global
	GlobalSection(SolutionConfigurationPlatforms) = preSolution
		Debug|Any CPU = Debug|Any CPU
		Release|Any CPU = Release|Any CPU
	EndGlobalSection
	GlobalSection(ProjectConfigurationPlatforms) = postSolution
		{43C0DFB5-C001-481C-932D-09C017667525}.Debug|Any CPU.ActiveCfg = Debug|Any CPU
		{43C0DFB5-C001-481C-932D-09C017667525}.Debug|Any CPU.Build.0 = Debug|Any CPU
		{43C0DFB5-C001-481C-932D-09C017667525}.Release|Any CPU.ActiveCfg = Release|Any CPU
		{43C0DFB5-C001-481C-932D-09C017667525}.Release|Any CPU.Build.0 = Release|Any CPU
		{5814A42B-93D4-47F2-BFC8-AE35CBC8CCC7}.Debug|Any CPU.ActiveCfg = Debug|Any CPU
		{5814A42B-93D4-47F2-BFC8-AE35CBC8CCC7}.Debug|Any CPU.Build.0 = Debug|Any CPU
		{5814A42B-93D4-47F2-BFC8-AE35CBC8CCC7}.Release|Any CPU.ActiveCfg = Release|Any CPU
		{5814A42B-93D4-47F2-BFC8-AE35CBC8CCC7}.Release|Any CPU.Build.0 = Release|Any CPU
	EndGlobalSection
	GlobalSection(SolutionProperties) = preSolution
		HideSolutionNode = FALSE
	EndGlobalSection
EndGlobal
