
Microsoft Visual Studio Solution File, Format Version 12.00
# Visual Studio 14
VisualStudioVersion = 14.0.24720.0
MinimumVisualStudioVersion = 10.0.40219.1
Project("{FAE04EC0-301F-11D3-BF4B-00C04F79EFBC}") = "SkiJumpVotingOO", "SkiJumpVotingOO\SkiJumpVotingOO.csproj", "{FEE51674-B9EA-436D-BB94-6DFAA17D3847}"
EndProject
Project("{FAE04EC0-301F-11D3-BF4B-00C04F79EFBC}") = "SkiJumpVotingOOTests", "SkiJumpVotingOOTests\SkiJumpVotingOOTests.csproj", "{95BA409C-CFA8-44F8-A3C0-F71CC5258258}"
EndProject
Global
	GlobalSection(SolutionConfigurationPlatforms) = preSolution
		Debug|Any CPU = Debug|Any CPU
		Release|Any CPU = Release|Any CPU
	EndGlobalSection
	GlobalSection(ProjectConfigurationPlatforms) = postSolution
		{FEE51674-B9EA-436D-BB94-6DFAA17D3847}.Debug|Any CPU.ActiveCfg = Debug|Any CPU
		{FEE51674-B9EA-436D-BB94-6DFAA17D3847}.Debug|Any CPU.Build.0 = Debug|Any CPU
		{FEE51674-B9EA-436D-BB94-6DFAA17D3847}.Release|Any CPU.ActiveCfg = Release|Any CPU
		{FEE51674-B9EA-436D-BB94-6DFAA17D3847}.Release|Any CPU.Build.0 = Release|Any CPU
		{95BA409C-CFA8-44F8-A3C0-F71CC5258258}.Debug|Any CPU.ActiveCfg = Debug|Any CPU
		{95BA409C-CFA8-44F8-A3C0-F71CC5258258}.Debug|Any CPU.Build.0 = Debug|Any CPU
		{95BA409C-CFA8-44F8-A3C0-F71CC5258258}.Release|Any CPU.ActiveCfg = Release|Any CPU
		{95BA409C-CFA8-44F8-A3C0-F71CC5258258}.Release|Any CPU.Build.0 = Release|Any CPU
	EndGlobalSection
	GlobalSection(SolutionProperties) = preSolution
		HideSolutionNode = FALSE
	EndGlobalSection
EndGlobal
