
Microsoft Visual Studio Solution File, Format Version 12.00
# Visual Studio Version 17
VisualStudioVersion = 17.1.32210.238
MinimumVisualStudioVersion = 10.0.40219.1
Project("{9A19103F-16F7-4668-BE54-9A1E7A4F7556}") = "SkiJumpVoter", "SkiJumpVoter\SkiJumpVoter.csproj", "{75D901E2-9165-4F40-A967-2A2F75EC4F04}"
EndProject
Project("{9A19103F-16F7-4668-BE54-9A1E7A4F7556}") = "UnitTest", "UnitTest\UnitTest.csproj", "{FFCFF792-986E-4A3B-852E-1D4A51117905}"
EndProject
Global
	GlobalSection(SolutionConfigurationPlatforms) = preSolution
		Debug|Any CPU = Debug|Any CPU
		Release|Any CPU = Release|Any CPU
	EndGlobalSection
	GlobalSection(ProjectConfigurationPlatforms) = postSolution
		{75D901E2-9165-4F40-A967-2A2F75EC4F04}.Debug|Any CPU.ActiveCfg = Debug|Any CPU
		{75D901E2-9165-4F40-A967-2A2F75EC4F04}.Debug|Any CPU.Build.0 = Debug|Any CPU
		{75D901E2-9165-4F40-A967-2A2F75EC4F04}.Release|Any CPU.ActiveCfg = Release|Any CPU
		{75D901E2-9165-4F40-A967-2A2F75EC4F04}.Release|Any CPU.Build.0 = Release|Any CPU
		{FFCFF792-986E-4A3B-852E-1D4A51117905}.Debug|Any CPU.ActiveCfg = Debug|Any CPU
		{FFCFF792-986E-4A3B-852E-1D4A51117905}.Debug|Any CPU.Build.0 = Debug|Any CPU
		{FFCFF792-986E-4A3B-852E-1D4A51117905}.Release|Any CPU.ActiveCfg = Release|Any CPU
		{FFCFF792-986E-4A3B-852E-1D4A51117905}.Release|Any CPU.Build.0 = Release|Any CPU
	EndGlobalSection
	GlobalSection(SolutionProperties) = preSolution
		HideSolutionNode = FALSE
	EndGlobalSection
	GlobalSection(ExtensibilityGlobals) = postSolution
		SolutionGuid = {1938C730-560D-40EA-B996-9A5914A70544}
	EndGlobalSection
EndGlobal
