
Microsoft Visual Studio Solution File, Format Version 12.00
# Visual Studio Version 17
VisualStudioVersion = 17.1.32328.378
MinimumVisualStudioVersion = 10.0.40219.1
Project("{9A19103F-16F7-4668-BE54-9A1E7A4F7556}") = "MyRectangle", "MyRectangle\MyRectangle.csproj", "{B5498E2E-6D68-4250-AADD-953CECFC6912}"
EndProject
Project("{9A19103F-16F7-4668-BE54-9A1E7A4F7556}") = "UnitTest", "UnitTest\UnitTest.csproj", "{C87347AE-A3A5-4F5C-B298-65BE24453176}"
EndProject
Global
	GlobalSection(SolutionConfigurationPlatforms) = preSolution
		Debug|Any CPU = Debug|Any CPU
		Release|Any CPU = Release|Any CPU
	EndGlobalSection
	GlobalSection(ProjectConfigurationPlatforms) = postSolution
		{B5498E2E-6D68-4250-AADD-953CECFC6912}.Debug|Any CPU.ActiveCfg = Debug|Any CPU
		{B5498E2E-6D68-4250-AADD-953CECFC6912}.Debug|Any CPU.Build.0 = Debug|Any CPU
		{B5498E2E-6D68-4250-AADD-953CECFC6912}.Release|Any CPU.ActiveCfg = Release|Any CPU
		{B5498E2E-6D68-4250-AADD-953CECFC6912}.Release|Any CPU.Build.0 = Release|Any CPU
		{C87347AE-A3A5-4F5C-B298-65BE24453176}.Debug|Any CPU.ActiveCfg = Debug|Any CPU
		{C87347AE-A3A5-4F5C-B298-65BE24453176}.Debug|Any CPU.Build.0 = Debug|Any CPU
		{C87347AE-A3A5-4F5C-B298-65BE24453176}.Release|Any CPU.ActiveCfg = Release|Any CPU
		{C87347AE-A3A5-4F5C-B298-65BE24453176}.Release|Any CPU.Build.0 = Release|Any CPU
	EndGlobalSection
	GlobalSection(SolutionProperties) = preSolution
		HideSolutionNode = FALSE
	EndGlobalSection
	GlobalSection(ExtensibilityGlobals) = postSolution
		SolutionGuid = {0C2620B0-5E7A-4E6E-B265-402C8CB7B7D4}
	EndGlobalSection
EndGlobal
