
Microsoft Visual Studio Solution File, Format Version 12.00
# Visual Studio Version 17
VisualStudioVersion = 17.1.32319.34
MinimumVisualStudioVersion = 10.0.40219.1
Project("{9A19103F-16F7-4668-BE54-9A1E7A4F7556}") = "GameOfLife", "GameOfLife\GameOfLife.csproj", "{132E06C4-FE1D-43F7-A399-E249EFE49FE4}"
EndProject
Project("{9A19103F-16F7-4668-BE54-9A1E7A4F7556}") = "UnitTest", "UnitTests\UnitTest.csproj", "{33AE813A-0575-42BE-A407-752F7CCA31D2}"
EndProject
Global
	GlobalSection(SolutionConfigurationPlatforms) = preSolution
		Debug|Any CPU = Debug|Any CPU
		Release|Any CPU = Release|Any CPU
	EndGlobalSection
	GlobalSection(ProjectConfigurationPlatforms) = postSolution
		{132E06C4-FE1D-43F7-A399-E249EFE49FE4}.Debug|Any CPU.ActiveCfg = Debug|Any CPU
		{132E06C4-FE1D-43F7-A399-E249EFE49FE4}.Debug|Any CPU.Build.0 = Debug|Any CPU
		{132E06C4-FE1D-43F7-A399-E249EFE49FE4}.Release|Any CPU.ActiveCfg = Release|Any CPU
		{132E06C4-FE1D-43F7-A399-E249EFE49FE4}.Release|Any CPU.Build.0 = Release|Any CPU
		{33AE813A-0575-42BE-A407-752F7CCA31D2}.Debug|Any CPU.ActiveCfg = Debug|Any CPU
		{33AE813A-0575-42BE-A407-752F7CCA31D2}.Debug|Any CPU.Build.0 = Debug|Any CPU
		{33AE813A-0575-42BE-A407-752F7CCA31D2}.Release|Any CPU.ActiveCfg = Release|Any CPU
		{33AE813A-0575-42BE-A407-752F7CCA31D2}.Release|Any CPU.Build.0 = Release|Any CPU
	EndGlobalSection
	GlobalSection(SolutionProperties) = preSolution
		HideSolutionNode = FALSE
	EndGlobalSection
	GlobalSection(ExtensibilityGlobals) = postSolution
		SolutionGuid = {2BAC659B-4BA1-4001-BED4-D8A166EE7E98}
	EndGlobalSection
EndGlobal
