
Microsoft Visual Studio Solution File, Format Version 12.00
# Visual Studio Version 16
VisualStudioVersion = 16.0.30804.86
MinimumVisualStudioVersion = 10.0.40219.1
Project("{FAE04EC0-301F-11D3-BF4B-00C04F79EFBC}") = "StringTools", "StringTools\StringTools.csproj", "{A42A9EC0-63FE-417F-9F47-81ECACA8123B}"
EndProject
Project("{FAE04EC0-301F-11D3-BF4B-00C04F79EFBC}") = "UnitTest", "UnitTest\UnitTest.csproj", "{7FCADE94-A026-4E7A-AAAA-CA11282CA369}"
EndProject
Global
	GlobalSection(SolutionConfigurationPlatforms) = preSolution
		Debug|Any CPU = Debug|Any CPU
		Release|Any CPU = Release|Any CPU
	EndGlobalSection
	GlobalSection(ProjectConfigurationPlatforms) = postSolution
		{A42A9EC0-63FE-417F-9F47-81ECACA8123B}.Debug|Any CPU.ActiveCfg = Debug|Any CPU
		{A42A9EC0-63FE-417F-9F47-81ECACA8123B}.Debug|Any CPU.Build.0 = Debug|Any CPU
		{A42A9EC0-63FE-417F-9F47-81ECACA8123B}.Release|Any CPU.ActiveCfg = Release|Any CPU
		{A42A9EC0-63FE-417F-9F47-81ECACA8123B}.Release|Any CPU.Build.0 = Release|Any CPU
		{7FCADE94-A026-4E7A-AAAA-CA11282CA369}.Debug|Any CPU.ActiveCfg = Debug|Any CPU
		{7FCADE94-A026-4E7A-AAAA-CA11282CA369}.Debug|Any CPU.Build.0 = Debug|Any CPU
		{7FCADE94-A026-4E7A-AAAA-CA11282CA369}.Release|Any CPU.ActiveCfg = Release|Any CPU
		{7FCADE94-A026-4E7A-AAAA-CA11282CA369}.Release|Any CPU.Build.0 = Release|Any CPU
	EndGlobalSection
	GlobalSection(SolutionProperties) = preSolution
		HideSolutionNode = FALSE
	EndGlobalSection
	GlobalSection(ExtensibilityGlobals) = postSolution
		SolutionGuid = {C47DC6A4-0671-44F7-878D-F6AD37CDA4A7}
	EndGlobalSection
EndGlobal
